
Microsoft Visual Studio Solution File, Format Version 12.00
# Visual Studio 15
VisualStudioVersion = 15.0.28010.2026
MinimumVisualStudioVersion = 10.0.40219.1
Project("{FAE04EC0-301F-11D3-BF4B-00C04F79EFBC}") = "MeetingTrackManagement", "MeetingTrackManagement\MeetingTrackManagement.csproj", "{DB4E16AE-2B07-4796-9122-13E01EEF418B}"
EndProject
Global
	GlobalSection(SolutionConfigurationPlatforms) = preSolution
		Debug|Any CPU = Debug|Any CPU
		Release|Any CPU = Release|Any CPU
	EndGlobalSection
	GlobalSection(ProjectConfigurationPlatforms) = postSolution
		{DB4E16AE-2B07-4796-9122-13E01EEF418B}.Debug|Any CPU.ActiveCfg = Debug|Any CPU
		{DB4E16AE-2B07-4796-9122-13E01EEF418B}.Debug|Any CPU.Build.0 = Debug|Any CPU
		{DB4E16AE-2B07-4796-9122-13E01EEF418B}.Release|Any CPU.ActiveCfg = Release|Any CPU
		{DB4E16AE-2B07-4796-9122-13E01EEF418B}.Release|Any CPU.Build.0 = Release|Any CPU
	EndGlobalSection
	GlobalSection(SolutionProperties) = preSolution
		HideSolutionNode = FALSE
	EndGlobalSection
	GlobalSection(ExtensibilityGlobals) = postSolution
		SolutionGuid = {8F301EEB-C96A-42D7-9E92-DAFFD6350C6A}
	EndGlobalSection
EndGlobal
